
Microsoft Visual Studio Solution File, Format Version 12.00
# Visual Studio 15
VisualStudioVersion = 15.0.26228.9
MinimumVisualStudioVersion = 10.0.40219.1
Project("{FAE04EC0-301F-11D3-BF4B-00C04F79EFBC}") = "CloudCoinCE", "CloudCoinCE\CloudCoinCE.csproj", "{8CE8286E-CD5C-4DA2-BD00-0617DE43E1FD}"
EndProject
Project("{9A19103F-16F7-4668-BE54-9A1E7A4F7556}") = "CloudCoinCore", "CloudCoinCore\CloudCoinCore.csproj", "{612A331B-3387-4485-8075-5AC0E3B22DF7}"
EndProject
Project("{FAE04EC0-301F-11D3-BF4B-00C04F79EFBC}") = "CloudCoinCoreFramework", "CloudCoinCoreFramework\CloudCoinCoreFramework.csproj", "{260490D7-D37B-40E8-B2DA-C761C408B0BC}"
EndProject
Global
	GlobalSection(SolutionConfigurationPlatforms) = preSolution
		Debug|Any CPU = Debug|Any CPU
		Release|Any CPU = Release|Any CPU
	EndGlobalSection
	GlobalSection(ProjectConfigurationPlatforms) = postSolution
		{8CE8286E-CD5C-4DA2-BD00-0617DE43E1FD}.Debug|Any CPU.ActiveCfg = Debug|Any CPU
		{8CE8286E-CD5C-4DA2-BD00-0617DE43E1FD}.Debug|Any CPU.Build.0 = Debug|Any CPU
		{8CE8286E-CD5C-4DA2-BD00-0617DE43E1FD}.Release|Any CPU.ActiveCfg = Release|Any CPU
		{8CE8286E-CD5C-4DA2-BD00-0617DE43E1FD}.Release|Any CPU.Build.0 = Release|Any CPU
		{612A331B-3387-4485-8075-5AC0E3B22DF7}.Debug|Any CPU.ActiveCfg = Debug|Any CPU
		{612A331B-3387-4485-8075-5AC0E3B22DF7}.Debug|Any CPU.Build.0 = Debug|Any CPU
		{612A331B-3387-4485-8075-5AC0E3B22DF7}.Release|Any CPU.ActiveCfg = Release|Any CPU
		{612A331B-3387-4485-8075-5AC0E3B22DF7}.Release|Any CPU.Build.0 = Release|Any CPU
		{260490D7-D37B-40E8-B2DA-C761C408B0BC}.Debug|Any CPU.ActiveCfg = Debug|Any CPU
		{260490D7-D37B-40E8-B2DA-C761C408B0BC}.Debug|Any CPU.Build.0 = Debug|Any CPU
		{260490D7-D37B-40E8-B2DA-C761C408B0BC}.Release|Any CPU.ActiveCfg = Release|Any CPU
		{260490D7-D37B-40E8-B2DA-C761C408B0BC}.Release|Any CPU.Build.0 = Release|Any CPU
	EndGlobalSection
	GlobalSection(SolutionProperties) = preSolution
		HideSolutionNode = FALSE
	EndGlobalSection
EndGlobal
